
Microsoft Visual Studio Solution File, Format Version 11.00
# Visual C# Express 2010
Project("{FAE04EC0-301F-11D3-BF4B-00C04F79EFBC}") = "IsaacManagerUI", "IsaacManager\IsaacManagerUI.csproj", "{62C31EF8-B0FB-43C7-993E-117E4CF6EC3C}"
	ProjectSection(ProjectDependencies) = postProject
		{C8E834CD-17E8-465B-A107-4A30979D1410} = {C8E834CD-17E8-465B-A107-4A30979D1410}
	EndProjectSection
EndProject
Project("{FAE04EC0-301F-11D3-BF4B-00C04F79EFBC}") = "IsaacSaveManager", "..\IsaacSaveManager\IsaacSaveManager\IsaacSaveManager.csproj", "{C8E834CD-17E8-465B-A107-4A30979D1410}"
EndProject
Global
	GlobalSection(SolutionConfigurationPlatforms) = preSolution
		Debug|x86 = Debug|x86
		Release|x86 = Release|x86
	EndGlobalSection
	GlobalSection(ProjectConfigurationPlatforms) = postSolution
		{62C31EF8-B0FB-43C7-993E-117E4CF6EC3C}.Debug|x86.ActiveCfg = Debug|x86
		{62C31EF8-B0FB-43C7-993E-117E4CF6EC3C}.Debug|x86.Build.0 = Debug|x86
		{62C31EF8-B0FB-43C7-993E-117E4CF6EC3C}.Release|x86.ActiveCfg = Release|x86
		{62C31EF8-B0FB-43C7-993E-117E4CF6EC3C}.Release|x86.Build.0 = Release|x86
		{C8E834CD-17E8-465B-A107-4A30979D1410}.Debug|x86.ActiveCfg = Debug|x86
		{C8E834CD-17E8-465B-A107-4A30979D1410}.Debug|x86.Build.0 = Debug|x86
		{C8E834CD-17E8-465B-A107-4A30979D1410}.Release|x86.ActiveCfg = Release|x86
		{C8E834CD-17E8-465B-A107-4A30979D1410}.Release|x86.Build.0 = Release|x86
	EndGlobalSection
	GlobalSection(SolutionProperties) = preSolution
		HideSolutionNode = FALSE
	EndGlobalSection
EndGlobal
